
Microsoft Visual Studio Solution File, Format Version 12.00
# Visual Studio Version 16
VisualStudioVersion = 16.0.810.17
MinimumVisualStudioVersion = 10.0.40219.1
Project("{FAE04EC0-301F-11D3-BF4B-00C04F79EFBC}") = "BrowserAutomation", "BrowserAutomation\BrowserAutomation.csproj", "{1F209419-13EB-4C3B-984A-BC24489491D4}"
EndProject
Global
	GlobalSection(SolutionConfigurationPlatforms) = preSolution
		Debug|Any CPU = Debug|Any CPU
		Release|Any CPU = Release|Any CPU
	EndGlobalSection
	GlobalSection(ProjectConfigurationPlatforms) = postSolution
		{1F209419-13EB-4C3B-984A-BC24489491D4}.Debug|Any CPU.ActiveCfg = Debug|Any CPU
		{1F209419-13EB-4C3B-984A-BC24489491D4}.Debug|Any CPU.Build.0 = Debug|Any CPU
		{1F209419-13EB-4C3B-984A-BC24489491D4}.Release|Any CPU.ActiveCfg = Release|Any CPU
		{1F209419-13EB-4C3B-984A-BC24489491D4}.Release|Any CPU.Build.0 = Release|Any CPU
	EndGlobalSection
	GlobalSection(SolutionProperties) = preSolution
		HideSolutionNode = FALSE
	EndGlobalSection
	GlobalSection(ExtensibilityGlobals) = postSolution
		SolutionGuid = {DEE6C103-2DD5-49D2-9CCF-BD40E0EDBA64}
	EndGlobalSection
EndGlobal
